
Microsoft Visual Studio Solution File, Format Version 12.00
# Visual Studio Version 16
VisualStudioVersion = 16.0.808.5
MinimumVisualStudioVersion = 10.0.40219.1
Project("{FAE04EC0-301F-11D3-BF4B-00C04F79EFBC}") = "ClassMetotDemo", "ClassMetotDemo\ClassMetotDemo.csproj", "{3B5D9846-09E2-42C1-B78B-D1785CE656B2}"
EndProject
Global
	GlobalSection(SolutionConfigurationPlatforms) = preSolution
		Debug|Any CPU = Debug|Any CPU
		Release|Any CPU = Release|Any CPU
	EndGlobalSection
	GlobalSection(ProjectConfigurationPlatforms) = postSolution
		{3B5D9846-09E2-42C1-B78B-D1785CE656B2}.Debug|Any CPU.ActiveCfg = Debug|Any CPU
		{3B5D9846-09E2-42C1-B78B-D1785CE656B2}.Debug|Any CPU.Build.0 = Debug|Any CPU
		{3B5D9846-09E2-42C1-B78B-D1785CE656B2}.Release|Any CPU.ActiveCfg = Release|Any CPU
		{3B5D9846-09E2-42C1-B78B-D1785CE656B2}.Release|Any CPU.Build.0 = Release|Any CPU
	EndGlobalSection
	GlobalSection(SolutionProperties) = preSolution
		HideSolutionNode = FALSE
	EndGlobalSection
	GlobalSection(ExtensibilityGlobals) = postSolution
		SolutionGuid = {DDCA076A-3750-408C-848D-49517CE3301D}
	EndGlobalSection
EndGlobal
